
Microsoft Visual Studio Solution File, Format Version 12.00
# Visual Studio 15
VisualStudioVersion = 15.0.28010.2016
MinimumVisualStudioVersion = 10.0.40219.1
Project("{FAE04EC0-301F-11D3-BF4B-00C04F79EFBC}") = "GenMan32_45", "GenMan32_45.csproj", "{91953827-044D-4A89-A45E-C54E3E6ED941}"
EndProject
Global
	GlobalSection(SolutionConfigurationPlatforms) = preSolution
		Debug|Any CPU = Debug|Any CPU
		Release|Any CPU = Release|Any CPU
	EndGlobalSection
	GlobalSection(ProjectConfigurationPlatforms) = postSolution
		{91953827-044D-4A89-A45E-C54E3E6ED941}.Debug|Any CPU.ActiveCfg = Debug|Any CPU
		{91953827-044D-4A89-A45E-C54E3E6ED941}.Debug|Any CPU.Build.0 = Debug|Any CPU
		{91953827-044D-4A89-A45E-C54E3E6ED941}.Release|Any CPU.ActiveCfg = Release|Any CPU
		{91953827-044D-4A89-A45E-C54E3E6ED941}.Release|Any CPU.Build.0 = Release|Any CPU
	EndGlobalSection
	GlobalSection(SolutionProperties) = preSolution
		HideSolutionNode = FALSE
	EndGlobalSection
	GlobalSection(ExtensibilityGlobals) = postSolution
		SolutionGuid = {8FEA6631-34FB-4941-8E6E-841556C6A93F}
	EndGlobalSection
EndGlobal
